// !$*UTF8*$!
{
	archiveVersion = 1;
	classes = {
	};
	objectVersion = 46;
	objects = {

/* Begin PBXBuildFile section */
		0997E904809E1FC3D7084768 /* Pods_collectionAppTests.framework in Frameworks */ = {isa = PBXBuildFile; fileRef = 90AC17D04F499EC36ABF3257 /* Pods_collectionAppTests.framework */; };
		763B92B6BF98B8FED666D394 /* Pods_collectionApp.framework in Frameworks */ = {isa = PBXBuildFile; fileRef = A188E5E0711A0F89525C92E3 /* Pods_collectionApp.framework */; };
		92F8AB8F1EC9410E00C85869 /* AppDelegate.swift in Sources */ = {isa = PBXBuildFile; fileRef = 92F8AB8E1EC9410E00C85869 /* AppDelegate.swift */; };
		92F8AB911EC9410E00C85869 /* ViewController.swift in Sources */ = {isa = PBXBuildFile; fileRef = 92F8AB901EC9410E00C85869 /* ViewController.swift */; };
		92F8AB941EC9410E00C85869 /* Main.storyboard in Resources */ = {isa = PBXBuildFile; fileRef = 92F8AB921EC9410E00C85869 /* Main.storyboard */; };
		92F8AB971EC9410E00C85869 /* collectionApp.xcdatamodeld in Sources */ = {isa = PBXBuildFile; fileRef = 92F8AB951EC9410E00C85869 /* collectionApp.xcdatamodeld */; };
		92F8AB991EC9410E00C85869 /* Assets.xcassets in Resources */ = {isa = PBXBuildFile; fileRef = 92F8AB981EC9410E00C85869 /* Assets.xcassets */; };
		92F8AB9C1EC9410E00C85869 /* LaunchScreen.storyboard in Resources */ = {isa = PBXBuildFile; fileRef = 92F8AB9A1EC9410E00C85869 /* LaunchScreen.storyboard */; };
		92F8ABA71EC9410E00C85869 /* collectionAppTests.swift in Sources */ = {isa = PBXBuildFile; fileRef = 92F8ABA61EC9410E00C85869 /* collectionAppTests.swift */; };
		92F8ABB21EC9410E00C85869 /* collectionAppUITests.swift in Sources */ = {isa = PBXBuildFile; fileRef = 92F8ABB11EC9410E00C85869 /* collectionAppUITests.swift */; };
		92F8ABC01EC9423F00C85869 /* MainCollectionViewController.swift in Sources */ = {isa = PBXBuildFile; fileRef = 92F8ABBF1EC9423F00C85869 /* MainCollectionViewController.swift */; };
		92F8ABC21EC945EC00C85869 /* SearchCollectionReusableView.swift in Sources */ = {isa = PBXBuildFile; fileRef = 92F8ABC11EC945EC00C85869 /* SearchCollectionReusableView.swift */; };
		F412885F391687C6DF559D33 /* Pods_collectionAppUITests.framework in Frameworks */ = {isa = PBXBuildFile; fileRef = 7C6F163A3CEADF08E5F473DC /* Pods_collectionAppUITests.framework */; };
/* End PBXBuildFile section */

/* Begin PBXContainerItemProxy section */
		92F8ABA31EC9410E00C85869 /* PBXContainerItemProxy */ = {
			isa = PBXContainerItemProxy;
			containerPortal = 92F8AB831EC9410D00C85869 /* Project object */;
			proxyType = 1;
			remoteGlobalIDString = 92F8AB8A1EC9410E00C85869;
			remoteInfo = collectionApp;
		};
		92F8ABAE1EC9410E00C85869 /* PBXContainerItemProxy */ = {
			isa = PBXContainerItemProxy;
			containerPortal = 92F8AB831EC9410D00C85869 /* Project object */;
			proxyType = 1;
			remoteGlobalIDString = 92F8AB8A1EC9410E00C85869;
			remoteInfo = collectionApp;
		};
/* End PBXContainerItemProxy section */

/* Begin PBXFileReference section */
		05C233DC34BA330FA4FF1084 /* Pods-collectionAppUITests.release.xcconfig */ = {isa = PBXFileReference; includeInIndex = 1; lastKnownFileType = text.xcconfig; name = "Pods-collectionAppUITests.release.xcconfig"; path = "Pods/Target Support Files/Pods-collectionAppUITests/Pods-collectionAppUITests.release.xcconfig"; sourceTree = "<group>"; };
		503EC3CD197C2D9238A35033 /* Pods-collectionAppUITests.debug.xcconfig */ = {isa = PBXFileReference; includeInIndex = 1; lastKnownFileType = text.xcconfig; name = "Pods-collectionAppUITests.debug.xcconfig"; path = "Pods/Target Support Files/Pods-collectionAppUITests/Pods-collectionAppUITests.debug.xcconfig"; sourceTree = "<group>"; };
		7258F2214D06A71947D5807A /* Pods-collectionApp.release.xcconfig */ = {isa = PBXFileReference; includeInIndex = 1; lastKnownFileType = text.xcconfig; name = "Pods-collectionApp.release.xcconfig"; path = "Pods/Target Support Files/Pods-collectionApp/Pods-collectionApp.release.xcconfig"; sourceTree = "<group>"; };
		7C6F163A3CEADF08E5F473DC /* Pods_collectionAppUITests.framework */ = {isa = PBXFileReference; explicitFileType = wrapper.framework; includeInIndex = 0; path = Pods_collectionAppUITests.framework; sourceTree = BUILT_PRODUCTS_DIR; };
		90AC17D04F499EC36ABF3257 /* Pods_collectionAppTests.framework */ = {isa = PBXFileReference; explicitFileType = wrapper.framework; includeInIndex = 0; path = Pods_collectionAppTests.framework; sourceTree = BUILT_PRODUCTS_DIR; };
		92F8AB8B1EC9410E00C85869 /* collectionApp.app */ = {isa = PBXFileReference; explicitFileType = wrapper.application; includeInIndex = 0; path = collectionApp.app; sourceTree = BUILT_PRODUCTS_DIR; };
		92F8AB8E1EC9410E00C85869 /* AppDelegate.swift */ = {isa = PBXFileReference; lastKnownFileType = sourcecode.swift; path = AppDelegate.swift; sourceTree = "<group>"; };
		92F8AB901EC9410E00C85869 /* ViewController.swift */ = {isa = PBXFileReference; lastKnownFileType = sourcecode.swift; path = ViewController.swift; sourceTree = "<group>"; };
		92F8AB931EC9410E00C85869 /* Base */ = {isa = PBXFileReference; lastKnownFileType = file.storyboard; name = Base; path = Base.lproj/Main.storyboard; sourceTree = "<group>"; };
		92F8AB961EC9410E00C85869 /* collectionApp.xcdatamodel */ = {isa = PBXFileReference; lastKnownFileType = wrapper.xcdatamodel; path = collectionApp.xcdatamodel; sourceTree = "<group>"; };
		92F8AB981EC9410E00C85869 /* Assets.xcassets */ = {isa = PBXFileReference; lastKnownFileType = folder.assetcatalog; path = Assets.xcassets; sourceTree = "<group>"; };
		92F8AB9B1EC9410E00C85869 /* Base */ = {isa = PBXFileReference; lastKnownFileType = file.storyboard; name = Base; path = Base.lproj/LaunchScreen.storyboard; sourceTree = "<group>"; };
		92F8AB9D1EC9410E00C85869 /* Info.plist */ = {isa = PBXFileReference; lastKnownFileType = text.plist.xml; path = Info.plist; sourceTree = "<group>"; };
		92F8ABA21EC9410E00C85869 /* collectionAppTests.xctest */ = {isa = PBXFileReference; explicitFileType = wrapper.cfbundle; includeInIndex = 0; path = collectionAppTests.xctest; sourceTree = BUILT_PRODUCTS_DIR; };
		92F8ABA61EC9410E00C85869 /* collectionAppTests.swift */ = {isa = PBXFileReference; lastKnownFileType = sourcecode.swift; path = collectionAppTests.swift; sourceTree = "<group>"; };
		92F8ABA81EC9410E00C85869 /* Info.plist */ = {isa = PBXFileReference; lastKnownFileType = text.plist.xml; path = Info.plist; sourceTree = "<group>"; };
		92F8ABAD1EC9410E00C85869 /* collectionAppUITests.xctest */ = {isa = PBXFileReference; explicitFileType = wrapper.cfbundle; includeInIndex = 0; path = collectionAppUITests.xctest; sourceTree = BUILT_PRODUCTS_DIR; };
		92F8ABB11EC9410E00C85869 /* collectionAppUITests.swift */ = {isa = PBXFileReference; lastKnownFileType = sourcecode.swift; path = collectionAppUITests.swift; sourceTree = "<group>"; };
		92F8ABB31EC9410E00C85869 /* Info.plist */ = {isa = PBXFileReference; lastKnownFileType = text.plist.xml; path = Info.plist; sourceTree = "<group>"; };
		92F8ABBF1EC9423F00C85869 /* MainCollectionViewController.swift */ = {isa = PBXFileReference; fileEncoding = 4; lastKnownFileType = sourcecode.swift; path = MainCollectionViewController.swift; sourceTree = "<group>"; };
		92F8ABC11EC945EC00C85869 /* SearchCollectionReusableView.swift */ = {isa = PBXFileReference; fileEncoding = 4; lastKnownFileType = sourcecode.swift; path = SearchCollectionReusableView.swift; sourceTree = "<group>"; };
		A089303F0E7A1603F51F8BC8 /* Pods-collectionAppTests.debug.xcconfig */ = {isa = PBXFileReference; includeInIndex = 1; lastKnownFileType = text.xcconfig; name = "Pods-collectionAppTests.debug.xcconfig"; path = "Pods/Target Support Files/Pods-collectionAppTests/Pods-collectionAppTests.debug.xcconfig"; sourceTree = "<group>"; };
		A188E5E0711A0F89525C92E3 /* Pods_collectionApp.framework */ = {isa = PBXFileReference; explicitFileType = wrapper.framework; includeInIndex = 0; path = Pods_collectionApp.framework; sourceTree = BUILT_PRODUCTS_DIR; };
		D19AC71FDA72326485F9A042 /* Pods-collectionApp.debug.xcconfig */ = {isa = PBXFileReference; includeInIndex = 1; lastKnownFileType = text.xcconfig; name = "Pods-collectionApp.debug.xcconfig"; path = "Pods/Target Support Files/Pods-collectionApp/Pods-collectionApp.debug.xcconfig"; sourceTree = "<group>"; };
		FC8DDA6A5B911FE8B4A9BEC0 /* Pods-collectionAppTests.release.xcconfig */ = {isa = PBXFileReference; includeInIndex = 1; lastKnownFileType = text.xcconfig; name = "Pods-collectionAppTests.release.xcconfig"; path = "Pods/Target Support Files/Pods-collectionAppTests/Pods-collectionAppTests.release.xcconfig"; sourceTree = "<group>"; };
/* End PBXFileReference section */

/* Begin PBXFrameworksBuildPhase section */
		92F8AB881EC9410E00C85869 /* Frameworks */ = {
			isa = PBXFrameworksBuildPhase;
			buildActionMask = 2147483647;
			files = (
				763B92B6BF98B8FED666D394 /* Pods_collectionApp.framework in Frameworks */,
			);
			runOnlyForDeploymentPostprocessing = 0;
		};
		92F8AB9F1EC9410E00C85869 /* Frameworks */ = {
			isa = PBXFrameworksBuildPhase;
			buildActionMask = 2147483647;
			files = (
				0997E904809E1FC3D7084768 /* Pods_collectionAppTests.framework in Frameworks */,
			);
			runOnlyForDeploymentPostprocessing = 0;
		};
		92F8ABAA1EC9410E00C85869 /* Frameworks */ = {
			isa = PBXFrameworksBuildPhase;
			buildActionMask = 2147483647;
			files = (
				F412885F391687C6DF559D33 /* Pods_collectionAppUITests.framework in Frameworks */,
			);
			runOnlyForDeploymentPostprocessing = 0;
		};
/* End PBXFrameworksBuildPhase section */

/* Begin PBXGroup section */
		92F8AB821EC9410D00C85869 = {
			isa = PBXGroup;
			children = (
				92F8AB8D1EC9410E00C85869 /* collectionApp */,
				92F8ABA51EC9410E00C85869 /* collectionAppTests */,
				92F8ABB01EC9410E00C85869 /* collectionAppUITests */,
				92F8AB8C1EC9410E00C85869 /* Products */,
				D784ED85CE0B447FBC311432 /* Pods */,
				B288F0B56C3DB9C118E8B77A /* Frameworks */,
			);
			sourceTree = "<group>";
		};
		92F8AB8C1EC9410E00C85869 /* Products */ = {
			isa = PBXGroup;
			children = (
				92F8AB8B1EC9410E00C85869 /* collectionApp.app */,
				92F8ABA21EC9410E00C85869 /* collectionAppTests.xctest */,
				92F8ABAD1EC9410E00C85869 /* collectionAppUITests.xctest */,
			);
			name = Products;
			sourceTree = "<group>";
		};
		92F8AB8D1EC9410E00C85869 /* collectionApp */ = {
			isa = PBXGroup;
			children = (
				92F8AB8E1EC9410E00C85869 /* AppDelegate.swift */,
				92F8AB901EC9410E00C85869 /* ViewController.swift */,
				92F8AB921EC9410E00C85869 /* Main.storyboard */,
				92F8ABBF1EC9423F00C85869 /* MainCollectionViewController.swift */,
				92F8AB981EC9410E00C85869 /* Assets.xcassets */,
				92F8AB9A1EC9410E00C85869 /* LaunchScreen.storyboard */,
				92F8AB9D1EC9410E00C85869 /* Info.plist */,
				92F8AB951EC9410E00C85869 /* collectionApp.xcdatamodeld */,
				92F8ABC11EC945EC00C85869 /* SearchCollectionReusableView.swift */,
			);
			path = collectionApp;
			sourceTree = "<group>";
		};
		92F8ABA51EC9410E00C85869 /* collectionAppTests */ = {
			isa = PBXGroup;
			children = (
				92F8ABA61EC9410E00C85869 /* collectionAppTests.swift */,
				92F8ABA81EC9410E00C85869 /* Info.plist */,
			);
			path = collectionAppTests;
			sourceTree = "<group>";
		};
		92F8ABB01EC9410E00C85869 /* collectionAppUITests */ = {
			isa = PBXGroup;
			children = (
				92F8ABB11EC9410E00C85869 /* collectionAppUITests.swift */,
				92F8ABB31EC9410E00C85869 /* Info.plist */,
			);
			path = collectionAppUITests;
			sourceTree = "<group>";
		};
		B288F0B56C3DB9C118E8B77A /* Frameworks */ = {
			isa = PBXGroup;
			children = (
				A188E5E0711A0F89525C92E3 /* Pods_collectionApp.framework */,
				90AC17D04F499EC36ABF3257 /* Pods_collectionAppTests.framework */,
				7C6F163A3CEADF08E5F473DC /* Pods_collectionAppUITests.framework */,
			);
			name = Frameworks;
			sourceTree = "<group>";
		};
		D784ED85CE0B447FBC311432 /* Pods */ = {
			isa = PBXGroup;
			children = (
				D19AC71FDA72326485F9A042 /* Pods-collectionApp.debug.xcconfig */,
				7258F2214D06A71947D5807A /* Pods-collectionApp.release.xcconfig */,
				A089303F0E7A1603F51F8BC8 /* Pods-collectionAppTests.debug.xcconfig */,
				FC8DDA6A5B911FE8B4A9BEC0 /* Pods-collectionAppTests.release.xcconfig */,
				503EC3CD197C2D9238A35033 /* Pods-collectionAppUITests.debug.xcconfig */,
				05C233DC34BA330FA4FF1084 /* Pods-collectionAppUITests.release.xcconfig */,
			);
			name = Pods;
			sourceTree = "<group>";
		};
/* End PBXGroup section */

/* Begin PBXNativeTarget section */
		92F8AB8A1EC9410E00C85869 /* collectionApp */ = {
			isa = PBXNativeTarget;
			buildConfigurationList = 92F8ABB61EC9410E00C85869 /* Build configuration list for PBXNativeTarget "collectionApp" */;
			buildPhases = (
				2380489DD273561749373A22 /* [CP] Check Pods Manifest.lock */,
				92F8AB871EC9410E00C85869 /* Sources */,
				92F8AB881EC9410E00C85869 /* Frameworks */,
				92F8AB891EC9410E00C85869 /* Resources */,
				5DD0EFFCE39F48BE147D958F /* [CP] Embed Pods Frameworks */,
				FE7AA178A6E61E7CBDC1525D /* [CP] Copy Pods Resources */,
			);
			buildRules = (
			);
			dependencies = (
			);
			name = collectionApp;
			productName = collectionApp;
			productReference = 92F8AB8B1EC9410E00C85869 /* collectionApp.app */;
			productType = "com.apple.product-type.application";
		};
		92F8ABA11EC9410E00C85869 /* collectionAppTests */ = {
			isa = PBXNativeTarget;
			buildConfigurationList = 92F8ABB91EC9410E00C85869 /* Build configuration list for PBXNativeTarget "collectionAppTests" */;
			buildPhases = (
				27CA8261346B2E3453513BFE /* [CP] Check Pods Manifest.lock */,
				92F8AB9E1EC9410E00C85869 /* Sources */,
				92F8AB9F1EC9410E00C85869 /* Frameworks */,
				92F8ABA01EC9410E00C85869 /* Resources */,
				5BE4AC34FB826CF02D2CDE69 /* [CP] Embed Pods Frameworks */,
				A1D8BA876833D101239FC803 /* [CP] Copy Pods Resources */,
			);
			buildRules = (
			);
			dependencies = (
				92F8ABA41EC9410E00C85869 /* PBXTargetDependency */,
			);
			name = collectionAppTests;
			productName = collectionAppTests;
			productReference = 92F8ABA21EC9410E00C85869 /* collectionAppTests.xctest */;
			productType = "com.apple.product-type.bundle.unit-test";
		};
		92F8ABAC1EC9410E00C85869 /* collectionAppUITests */ = {
			isa = PBXNativeTarget;
			buildConfigurationList = 92F8ABBC1EC9410E00C85869 /* Build configuration list for PBXNativeTarget "collectionAppUITests" */;
			buildPhases = (
				E84572FB6505A654F559BA07 /* [CP] Check Pods Manifest.lock */,
				92F8ABA91EC9410E00C85869 /* Sources */,
				92F8ABAA1EC9410E00C85869 /* Frameworks */,
				92F8ABAB1EC9410E00C85869 /* Resources */,
				D855E7406665347FD9B6F3B6 /* [CP] Embed Pods Frameworks */,
				532D3A2DC66994212B3C6ECC /* [CP] Copy Pods Resources */,
			);
			buildRules = (
			);
			dependencies = (
				92F8ABAF1EC9410E00C85869 /* PBXTargetDependency */,
			);
			name = collectionAppUITests;
			productName = collectionAppUITests;
			productReference = 92F8ABAD1EC9410E00C85869 /* collectionAppUITests.xctest */;
			productType = "com.apple.product-type.bundle.ui-testing";
		};
/* End PBXNativeTarget section */

/* Begin PBXProject section */
		92F8AB831EC9410D00C85869 /* Project object */ = {
			isa = PBXProject;
			attributes = {
				LastSwiftUpdateCheck = 0820;
				LastUpgradeCheck = 0820;
				ORGANIZATIONNAME = "Ryo Mashima";
				TargetAttributes = {
					92F8AB8A1EC9410E00C85869 = {
						CreatedOnToolsVersion = 8.2.1;
						ProvisioningStyle = Automatic;
					};
					92F8ABA11EC9410E00C85869 = {
						CreatedOnToolsVersion = 8.2.1;
						ProvisioningStyle = Automatic;
						TestTargetID = 92F8AB8A1EC9410E00C85869;
					};
					92F8ABAC1EC9410E00C85869 = {
						CreatedOnToolsVersion = 8.2.1;
						ProvisioningStyle = Automatic;
						TestTargetID = 92F8AB8A1EC9410E00C85869;
					};
				};
			};
			buildConfigurationList = 92F8AB861EC9410D00C85869 /* Build configuration list for PBXProject "collectionApp" */;
			compatibilityVersion = "Xcode 3.2";
			developmentRegion = English;
			hasScannedForEncodings = 0;
			knownRegions = (
				en,
				Base,
			);
			mainGroup = 92F8AB821EC9410D00C85869;
			productRefGroup = 92F8AB8C1EC9410E00C85869 /* Products */;
			projectDirPath = "";
			projectRoot = "";
			targets = (
				92F8AB8A1EC9410E00C85869 /* collectionApp */,
				92F8ABA11EC9410E00C85869 /* collectionAppTests */,
				92F8ABAC1EC9410E00C85869 /* collectionAppUITests */,
			);
		};
/* End PBXProject section */

/* Begin PBXResourcesBuildPhase section */
		92F8AB891EC9410E00C85869 /* Resources */ = {
			isa = PBXResourcesBuildPhase;
			buildActionMask = 2147483647;
			files = (
				92F8AB9C1EC9410E00C85869 /* LaunchScreen.storyboard in Resources */,
				92F8AB991EC9410E00C85869 /* Assets.xcassets in Resources */,
				92F8AB941EC9410E00C85869 /* Main.storyboard in Resources */,
			);
			runOnlyForDeploymentPostprocessing = 0;
		};
		92F8ABA01EC9410E00C85869 /* Resources */ = {
			isa = PBXResourcesBuildPhase;
			buildActionMask = 2147483647;
			files = (
			);
			runOnlyForDeploymentPostprocessing = 0;
		};
		92F8ABAB1EC9410E00C85869 /* Resources */ = {
			isa = PBXResourcesBuildPhase;
			buildActionMask = 2147483647;
			files = (
			);
			runOnlyForDeploymentPostprocessing = 0;
		};
/* End PBXResourcesBuildPhase section */

/* Begin PBXShellScriptBuildPhase section */
		2380489DD273561749373A22 /* [CP] Check Pods Manifest.lock */ = {
			isa = PBXShellScriptBuildPhase;
			buildActionMask = 2147483647;
			files = (
			);
			inputPaths = (
			);
			name = "[CP] Check Pods Manifest.lock";
			outputPaths = (
			);
			runOnlyForDeploymentPostprocessing = 0;
			shellPath = /bin/sh;
			shellScript = "diff \"${PODS_PODFILE_DIR_PATH}/Podfile.lock\" \"${PODS_ROOT}/Manifest.lock\" > /dev/null\nif [ $? != 0 ] ; then\n    # print error to STDERR\n    echo \"error: The sandbox is not in sync with the Podfile.lock. Run 'pod install' or update your CocoaPods installation.\" >&2\n    exit 1\nfi\n";
			showEnvVarsInLog = 0;
		};
		27CA8261346B2E3453513BFE /* [CP] Check Pods Manifest.lock */ = {
			isa = PBXShellScriptBuildPhase;
			buildActionMask = 2147483647;
			files = (
			);
			inputPaths = (
			);
			name = "[CP] Check Pods Manifest.lock";
			outputPaths = (
			);
			runOnlyForDeploymentPostprocessing = 0;
			shellPath = /bin/sh;
			shellScript = "diff \"${PODS_PODFILE_DIR_PATH}/Podfile.lock\" \"${PODS_ROOT}/Manifest.lock\" > /dev/null\nif [ $? != 0 ] ; then\n    # print error to STDERR\n    echo \"error: The sandbox is not in sync with the Podfile.lock. Run 'pod install' or update your CocoaPods installation.\" >&2\n    exit 1\nfi\n";
			showEnvVarsInLog = 0;
		};
		532D3A2DC66994212B3C6ECC /* [CP] Copy Pods Resources */ = {
			isa = PBXShellScriptBuildPhase;
			buildActionMask = 2147483647;
			files = (
			);
			inputPaths = (
			);
			name = "[CP] Copy Pods Resources";
			outputPaths = (
			);
			runOnlyForDeploymentPostprocessing = 0;
			shellPath = /bin/sh;
			shellScript = "\"${SRCROOT}/Pods/Target Support Files/Pods-collectionAppUITests/Pods-collectionAppUITests-resources.sh\"\n";
			showEnvVarsInLog = 0;
		};
		5BE4AC34FB826CF02D2CDE69 /* [CP] Embed Pods Frameworks */ = {
			isa = PBXShellScriptBuildPhase;
			buildActionMask = 2147483647;
			files = (
			);
			inputPaths = (
			);
			name = "[CP] Embed Pods Frameworks";
			outputPaths = (
			);
			runOnlyForDeploymentPostprocessing = 0;
			shellPath = /bin/sh;
			shellScript = "\"${SRCROOT}/Pods/Target Support Files/Pods-collectionAppTests/Pods-collectionAppTests-frameworks.sh\"\n";
			showEnvVarsInLog = 0;
		};
		5DD0EFFCE39F48BE147D958F /* [CP] Embed Pods Frameworks */ = {
			isa = PBXShellScriptBuildPhase;
			buildActionMask = 2147483647;
			files = (
			);
			inputPaths = (
			);
			name = "[CP] Embed Pods Frameworks";
			outputPaths = (
			);
			runOnlyForDeploymentPostprocessing = 0;
			shellPath = /bin/sh;
			shellScript = "\"${SRCROOT}/Pods/Target Support Files/Pods-collectionApp/Pods-collectionApp-frameworks.sh\"\n";
			showEnvVarsInLog = 0;
		};
		A1D8BA876833D101239FC803 /* [CP] Copy Pods Resources */ = {
			isa = PBXShellScriptBuildPhase;
			buildActionMask = 2147483647;
			files = (
			);
			inputPaths = (
			);
			name = "[CP] Copy Pods Resources";
			outputPaths = (
			);
			runOnlyForDeploymentPostprocessing = 0;
			shellPath = /bin/sh;
			shellScript = "\"${SRCROOT}/Pods/Target Support Files/Pods-collectionAppTests/Pods-collectionAppTests-resources.sh\"\n";
			showEnvVarsInLog = 0;
		};
		D855E7406665347FD9B6F3B6 /* [CP] Embed Pods Frameworks */ = {
			isa = PBXShellScriptBuildPhase;
			buildActionMask = 2147483647;
			files = (
			);
			inputPaths = (
			);
			name = "[CP] Embed Pods Frameworks";
			outputPaths = (
			);
			runOnlyForDeploymentPostprocessing = 0;
			shellPath = /bin/sh;
			shellScript = "\"${SRCROOT}/Pods/Target Support Files/Pods-collectionAppUITests/Pods-collectionAppUITests-frameworks.sh\"\n";
			showEnvVarsInLog = 0;
		};
		E84572FB6505A654F559BA07 /* [CP] Check Pods Manifest.lock */ = {
			isa = PBXShellScriptBuildPhase;
			buildActionMask = 2147483647;
			files = (
			);
			inputPaths = (
			);
			name = "[CP] Check Pods Manifest.lock";
			outputPaths = (
			);
			runOnlyForDeploymentPostprocessing = 0;
			shellPath = /bin/sh;
			shellScript = "diff \"${PODS_PODFILE_DIR_PATH}/Podfile.lock\" \"${PODS_ROOT}/Manifest.lock\" > /dev/null\nif [ $? != 0 ] ; then\n    # print error to STDERR\n    echo \"error: The sandbox is not in sync with the Podfile.lock. Run 'pod install' or update your CocoaPods installation.\" >&2\n    exit 1\nfi\n";
			showEnvVarsInLog = 0;
		};
		FE7AA178A6E61E7CBDC1525D /* [CP] Copy Pods Resources */ = {
			isa = PBXShellScriptBuildPhase;
			buildActionMask = 2147483647;
			files = (
			);
			inputPaths = (
			);
			name = "[CP] Copy Pods Resources";
			outputPaths = (
			);
			runOnlyForDeploymentPostprocessing = 0;
			shellPath = /bin/sh;
			shellScript = "\"${SRCROOT}/Pods/Target Support Files/Pods-collectionApp/Pods-collectionApp-resources.sh\"\n";
			showEnvVarsInLog = 0;
		};
/* End PBXShellScriptBuildPhase section */

/* Begin PBXSourcesBuildPhase section */
		92F8AB871EC9410E00C85869 /* Sources */ = {
			isa = PBXSourcesBuildPhase;
			buildActionMask = 2147483647;
			files = (
				92F8AB971EC9410E00C85869 /* collectionApp.xcdatamodeld in Sources */,
				92F8ABC21EC945EC00C85869 /* SearchCollectionReusableView.swift in Sources */,
				92F8ABC01EC9423F00C85869 /* MainCollectionViewController.swift in Sources */,
				92F8AB911EC9410E00C85869 /* ViewController.swift in Sources */,
				92F8AB8F1EC9410E00C85869 /* AppDelegate.swift in Sources */,
			);
			runOnlyForDeploymentPostprocessing = 0;
		};
		92F8AB9E1EC9410E00C85869 /* Sources */ = {
			isa = PBXSourcesBuildPhase;
			buildActionMask = 2147483647;
			files = (
				92F8ABA71EC9410E00C85869 /* collectionAppTests.swift in Sources */,
			);
			runOnlyForDeploymentPostprocessing = 0;
		};
		92F8ABA91EC9410E00C85869 /* Sources */ = {
			isa = PBXSourcesBuildPhase;
			buildActionMask = 2147483647;
			files = (
				92F8ABB21EC9410E00C85869 /* collectionAppUITests.swift in Sources */,
			);
			runOnlyForDeploymentPostprocessing = 0;
		};
/* End PBXSourcesBuildPhase section */

/* Begin PBXTargetDependency section */
		92F8ABA41EC9410E00C85869 /* PBXTargetDependency */ = {
			isa = PBXTargetDependency;
			target = 92F8AB8A1EC9410E00C85869 /* collectionApp */;
			targetProxy = 92F8ABA31EC9410E00C85869 /* PBXContainerItemProxy */;
		};
		92F8ABAF1EC9410E00C85869 /* PBXTargetDependency */ = {
			isa = PBXTargetDependency;
			target = 92F8AB8A1EC9410E00C85869 /* collectionApp */;
			targetProxy = 92F8ABAE1EC9410E00C85869 /* PBXContainerItemProxy */;
		};
/* End PBXTargetDependency section */

/* Begin PBXVariantGroup section */
		92F8AB921EC9410E00C85869 /* Main.storyboard */ = {
			isa = PBXVariantGroup;
			children = (
				92F8AB931EC9410E00C85869 /* Base */,
			);
			name = Main.storyboard;
			sourceTree = "<group>";
		};
		92F8AB9A1EC9410E00C85869 /* LaunchScreen.storyboard */ = {
			isa = PBXVariantGroup;
			children = (
				92F8AB9B1EC9410E00C85869 /* Base */,
			);
			name = LaunchScreen.storyboard;
			sourceTree = "<group>";
		};
/* End PBXVariantGroup section */

/* Begin XCBuildConfiguration section */
		92F8ABB41EC9410E00C85869 /* Debug */ = {
			isa = XCBuildConfiguration;
			buildSettings = {
				ALWAYS_SEARCH_USER_PATHS = NO;
				CLANG_ANALYZER_NONNULL = YES;
				CLANG_CXX_LANGUAGE_STANDARD = "gnu++0x";
				CLANG_CXX_LIBRARY = "libc++";
				CLANG_ENABLE_MODULES = YES;
				CLANG_ENABLE_OBJC_ARC = YES;
				CLANG_WARN_BOOL_CONVERSION = YES;
				CLANG_WARN_CONSTANT_CONVERSION = YES;
				CLANG_WARN_DIRECT_OBJC_ISA_USAGE = YES_ERROR;
				CLANG_WARN_DOCUMENTATION_COMMENTS = YES;
				CLANG_WARN_EMPTY_BODY = YES;
				CLANG_WARN_ENUM_CONVERSION = YES;
				CLANG_WARN_INFINITE_RECURSION = YES;
				CLANG_WARN_INT_CONVERSION = YES;
				CLANG_WARN_OBJC_ROOT_CLASS = YES_ERROR;
				CLANG_WARN_SUSPICIOUS_MOVE = YES;
				CLANG_WARN_UNREACHABLE_CODE = YES;
				CLANG_WARN__DUPLICATE_METHOD_MATCH = YES;
				"CODE_SIGN_IDENTITY[sdk=iphoneos*]" = "iPhone Developer";
				COPY_PHASE_STRIP = NO;
				DEBUG_INFORMATION_FORMAT = dwarf;
				ENABLE_STRICT_OBJC_MSGSEND = YES;
				ENABLE_TESTABILITY = YES;
				GCC_C_LANGUAGE_STANDARD = gnu99;
				GCC_DYNAMIC_NO_PIC = NO;
				GCC_NO_COMMON_BLOCKS = YES;
				GCC_OPTIMIZATION_LEVEL = 0;
				GCC_PREPROCESSOR_DEFINITIONS = (
					"DEBUG=1",
					"$(inherited)",
				);
				GCC_WARN_64_TO_32_BIT_CONVERSION = YES;
				GCC_WARN_ABOUT_RETURN_TYPE = YES_ERROR;
				GCC_WARN_UNDECLARED_SELECTOR = YES;
				GCC_WARN_UNINITIALIZED_AUTOS = YES_AGGRESSIVE;
				GCC_WARN_UNUSED_FUNCTION = YES;
				GCC_WARN_UNUSED_VARIABLE = YES;
				IPHONEOS_DEPLOYMENT_TARGET = 10.2;
				MTL_ENABLE_DEBUG_INFO = YES;
				ONLY_ACTIVE_ARCH = YES;
				SDKROOT = iphoneos;
				SWIFT_ACTIVE_COMPILATION_CONDITIONS = DEBUG;
				SWIFT_OPTIMIZATION_LEVEL = "-Onone";
				TARGETED_DEVICE_FAMILY = "1,2";
			};
			name = Debug;
		};
		92F8ABB51EC9410E00C85869 /* Release */ = {
			isa = XCBuildConfiguration;
			buildSettings = {
				ALWAYS_SEARCH_USER_PATHS = NO;
				CLANG_ANALYZER_NONNULL = YES;
				CLANG_CXX_LANGUAGE_STANDARD = "gnu++0x";
				CLANG_CXX_LIBRARY = "libc++";
				CLANG_ENABLE_MODULES = YES;
				CLANG_ENABLE_OBJC_ARC = YES;
				CLANG_WARN_BOOL_CONVERSION = YES;
				CLANG_WARN_CONSTANT_CONVERSION = YES;
				CLANG_WARN_DIRECT_OBJC_ISA_USAGE = YES_ERROR;
				CLANG_WARN_DOCUMENTATION_COMMENTS = YES;
				CLANG_WARN_EMPTY_BODY = YES;
				CLANG_WARN_ENUM_CONVERSION = YES;
				CLANG_WARN_INFINITE_RECURSION = YES;
				CLANG_WARN_INT_CONVERSION = YES;
				CLANG_WARN_OBJC_ROOT_CLASS = YES_ERROR;
				CLANG_WARN_SUSPICIOUS_MOVE = YES;
				CLANG_WARN_UNREACHABLE_CODE = YES;
				CLANG_WARN__DUPLICATE_METHOD_MATCH = YES;
				"CODE_SIGN_IDENTITY[sdk=iphoneos*]" = "iPhone Developer";
				COPY_PHASE_STRIP = NO;
				DEBUG_INFORMATION_FORMAT = "dwarf-with-dsym";
				ENABLE_NS_ASSERTIONS = NO;
				ENABLE_STRICT_OBJC_MSGSEND = YES;
				GCC_C_LANGUAGE_STANDARD = gnu99;
				GCC_NO_COMMON_BLOCKS = YES;
				GCC_WARN_64_TO_32_BIT_CONVERSION = YES;
				GCC_WARN_ABOUT_RETURN_TYPE = YES_ERROR;
				GCC_WARN_UNDECLARED_SELECTOR = YES;
				GCC_WARN_UNINITIALIZED_AUTOS = YES_AGGRESSIVE;
				GCC_WARN_UNUSED_FUNCTION = YES;
				GCC_WARN_UNUSED_VARIABLE = YES;
				IPHONEOS_DEPLOYMENT_TARGET = 10.2;
				MTL_ENABLE_DEBUG_INFO = NO;
				SDKROOT = iphoneos;
				SWIFT_OPTIMIZATION_LEVEL = "-Owholemodule";
				TARGETED_DEVICE_FAMILY = "1,2";
				VALIDATE_PRODUCT = YES;
			};
			name = Release;
		};
		92F8ABB71EC9410E00C85869 /* Debug */ = {
			isa = XCBuildConfiguration;
			baseConfigurationReference = D19AC71FDA72326485F9A042 /* Pods-collectionApp.debug.xcconfig */;
			buildSettings = {
				ASSETCATALOG_COMPILER_APPICON_NAME = AppIcon;
				INFOPLIST_FILE = collectionApp/Info.plist;
				LD_RUNPATH_SEARCH_PATHS = "$(inherited) @executable_path/Frameworks";
				PRODUCT_BUNDLE_IDENTIFIER = com.rymshm.collectionApp;
				PRODUCT_NAME = "$(TARGET_NAME)";
				SWIFT_VERSION = 3.0;
			};
			name = Debug;
		};
		92F8ABB81EC9410E00C85869 /* Release */ = {
			isa = XCBuildConfiguration;
			baseConfigurationReference = 7258F2214D06A71947D5807A /* Pods-collectionApp.release.xcconfig */;
			buildSettings = {
				ASSETCATALOG_COMPILER_APPICON_NAME = AppIcon;
				INFOPLIST_FILE = collectionApp/Info.plist;
				LD_RUNPATH_SEARCH_PATHS = "$(inherited) @executable_path/Frameworks";
				PRODUCT_BUNDLE_IDENTIFIER = com.rymshm.collectionApp;
				PRODUCT_NAME = "$(TARGET_NAME)";
				SWIFT_VERSION = 3.0;
			};
			name = Release;
		};
		92F8ABBA1EC9410E00C85869 /* Debug */ = {
			isa = XCBuildConfiguration;
			baseConfigurationReference = A089303F0E7A1603F51F8BC8 /* Pods-collectionAppTests.debug.xcconfig */;
			buildSettings = {
				ALWAYS_EMBED_SWIFT_STANDARD_LIBRARIES = YES;
				BUNDLE_LOADER = "$(TEST_HOST)";
				INFOPLIST_FILE = collectionAppTests/Info.plist;
				LD_RUNPATH_SEARCH_PATHS = "$(inherited) @executable_path/Frameworks @loader_path/Frameworks";
				PRODUCT_BUNDLE_IDENTIFIER = com.rymshm.collectionAppTests;
				PRODUCT_NAME = "$(TARGET_NAME)";
				SWIFT_VERSION = 3.0;
				TEST_HOST = "$(BUILT_PRODUCTS_DIR)/collectionApp.app/collectionApp";
			};
			name = Debug;
		};
		92F8ABBB1EC9410E00C85869 /* Release */ = {
			isa = XCBuildConfiguration;
			baseConfigurationReference = FC8DDA6A5B911FE8B4A9BEC0 /* Pods-collectionAppTests.release.xcconfig */;
			buildSettings = {
				ALWAYS_EMBED_SWIFT_STANDARD_LIBRARIES = YES;
				BUNDLE_LOADER = "$(TEST_HOST)";
				INFOPLIST_FILE = collectionAppTests/Info.plist;
				LD_RUNPATH_SEARCH_PATHS = "$(inherited) @executable_path/Frameworks @loader_path/Frameworks";
				PRODUCT_BUNDLE_IDENTIFIER = com.rymshm.collectionAppTests;
				PRODUCT_NAME = "$(TARGET_NAME)";
				SWIFT_VERSION = 3.0;
				TEST_HOST = "$(BUILT_PRODUCTS_DIR)/collectionApp.app/collectionApp";
			};
			name = Release;
		};
		92F8ABBD1EC9410E00C85869 /* Debug */ = {
			isa = XCBuildConfiguration;
			baseConfigurationReference = 503EC3CD197C2D9238A35033 /* Pods-collectionAppUITests.debug.xcconfig */;
			buildSettings = {
				ALWAYS_EMBED_SWIFT_STANDARD_LIBRARIES = YES;
				INFOPLIST_FILE = collectionAppUITests/Info.plist;
				LD_RUNPATH_SEARCH_PATHS = "$(inherited) @executable_path/Frameworks @loader_path/Frameworks";
				PRODUCT_BUNDLE_IDENTIFIER = com.rymshm.collectionAppUITests;
				PRODUCT_NAME = "$(TARGET_NAME)";
				SWIFT_VERSION = 3.0;
				TEST_TARGET_NAME = collectionApp;
			};
			name = Debug;
		};
		92F8ABBE1EC9410E00C85869 /* Release */ = {
			isa = XCBuildConfiguration;
			baseConfigurationReference = 05C233DC34BA330FA4FF1084 /* Pods-collectionAppUITests.release.xcconfig */;
			buildSettings = {
				ALWAYS_EMBED_SWIFT_STANDARD_LIBRARIES = YES;
				INFOPLIST_FILE = collectionAppUITests/Info.plist;
				LD_RUNPATH_SEARCH_PATHS = "$(inherited) @executable_path/Frameworks @loader_path/Frameworks";
				PRODUCT_BUNDLE_IDENTIFIER = com.rymshm.collectionAppUITests;
				PRODUCT_NAME = "$(TARGET_NAME)";
				SWIFT_VERSION = 3.0;
				TEST_TARGET_NAME = collectionApp;
			};
			name = Release;
		};
/* End XCBuildConfiguration section */

/* Begin XCConfigurationList section */
		92F8AB861EC9410D00C85869 /* Build configuration list for PBXProject "collectionApp" */ = {
			isa = XCConfigurationList;
			buildConfigurations = (
				92F8ABB41EC9410E00C85869 /* Debug */,
				92F8ABB51EC9410E00C85869 /* Release */,
			);
			defaultConfigurationIsVisible = 0;
			defaultConfigurationName = Release;
		};
		92F8ABB61EC9410E00C85869 /* Build configuration list for PBXNativeTarget "collectionApp" */ = {
			isa = XCConfigurationList;
			buildConfigurations = (
				92F8ABB71EC9410E00C85869 /* Debug */,
				92F8ABB81EC9410E00C85869 /* Release */,
			);
			defaultConfigurationIsVisible = 0;
		};
		92F8ABB91EC9410E00C85869 /* Build configuration list for PBXNativeTarget "collectionAppTests" */ = {
			isa = XCConfigurationList;
			buildConfigurations = (
				92F8ABBA1EC9410E00C85869 /* Debug */,
				92F8ABBB1EC9410E00C85869 /* Release */,
			);
			defaultConfigurationIsVisible = 0;
		};
		92F8ABBC1EC9410E00C85869 /* Build configuration list for PBXNativeTarget "collectionAppUITests" */ = {
			isa = XCConfigurationList;
			buildConfigurations = (
				92F8ABBD1EC9410E00C85869 /* Debug */,
				92F8ABBE1EC9410E00C85869 /* Release */,
			);
			defaultConfigurationIsVisible = 0;
		};
/* End XCConfigurationList section */

/* Begin XCVersionGroup section */
		92F8AB951EC9410E00C85869 /* collectionApp.xcdatamodeld */ = {
			isa = XCVersionGroup;
			children = (
				92F8AB961EC9410E00C85869 /* collectionApp.xcdatamodel */,
			);
			currentVersion = 92F8AB961EC9410E00C85869 /* collectionApp.xcdatamodel */;
			path = collectionApp.xcdatamodeld;
			sourceTree = "<group>";
			versionGroupType = wrapper.xcdatamodel;
		};
/* End XCVersionGroup section */
	};
	rootObject = 92F8AB831EC9410D00C85869 /* Project object */;
}
